# THIS IS AN AUTOGENERATED FILE. DO NOT EDIT THIS FILE DIRECTLY.
# yarn lockfile v1


bootstrap@^4.5.0:
  version "4.5.0"
  resolved "https://registry.yarnpkg.com/bootstrap/-/bootstrap-4.5.0.tgz#97d9dbcb5a8972f8722c9962483543b907d9b9ec"
  integrity sha512-Z93QoXvodoVslA+PWNdk23Hze4RBYIkpb5h8I2HY2Tu2h7A0LpAgLcyrhrSUyo2/Oxm2l1fRZPs1e5hnxnliXA==

compass-mixins@^0.12.10:
  version "0.12.10"
  resolved "https://registry.yarnpkg.com/compass-mixins/-/compass-mixins-0.12.10.tgz#cd9f15f829c4e960cc43bb226f049b28beb99d41"
  integrity sha1-zZ8V+CnE6WDMQ7sibwSbKL65nUE=
